// !$*UTF8*$!
{
	archiveVersion = 1;
	classes = {
	};
	objectVersion = 56;
	objects = {

/* Begin PBXBuildFile section */
		522BF2B62B4EC7350007B140 /* AirpayPaymentSdk.docc in Sources */ = {isa = PBXBuildFile; fileRef = 522BF2B52B4EC7350007B140 /* AirpayPaymentSdk.docc */; };
		522BF2BC2B4EC7350007B140 /* AirpayPaymentSdk.framework in Frameworks */ = {isa = PBXBuildFile; fileRef = 522BF2B12B4EC7350007B140 /* AirpayPaymentSdk.framework */; };
		522BF2C12B4EC7350007B140 /* AirpayPaymentSdkTests.swift in Sources */ = {isa = PBXBuildFile; fileRef = 522BF2C02B4EC7350007B140 /* AirpayPaymentSdkTests.swift */; };
		522BF2C22B4EC7350007B140 /* AirpayPaymentSdk.h in Headers */ = {isa = PBXBuildFile; fileRef = 522BF2B42B4EC7350007B140 /* AirpayPaymentSdk.h */; settings = {ATTRIBUTES = (Public, ); }; };
		522D62A12BAC0DA600C3DB88 /* LocalizationManager.swift in Sources */ = {isa = PBXBuildFile; fileRef = 522D62A02BAC0DA600C3DB88 /* LocalizationManager.swift */; };
		5259FA632B6B9E2F000AE23C /* CustomButton.swift in Sources */ = {isa = PBXBuildFile; fileRef = 5259FA622B6B9E2F000AE23C /* CustomButton.swift */; };
		5263B3972B70E76000058BCC /* SurchargeModel.swift in Sources */ = {isa = PBXBuildFile; fileRef = 5263B3962B70E76000058BCC /* SurchargeModel.swift */; };
		52915C362B56A4ED00B7C908 /* PaymentResponseModel.swift in Sources */ = {isa = PBXBuildFile; fileRef = 52915C352B56A4ED00B7C908 /* PaymentResponseModel.swift */; };
		529E6DEA2B51768000F6ECBC /* StringExtension.swift in Sources */ = {isa = PBXBuildFile; fileRef = 529E6DD92B51768000F6ECBC /* StringExtension.swift */; };
		529E6DEB2B51768000F6ECBC /* SessionManager.swift in Sources */ = {isa = PBXBuildFile; fileRef = 529E6DDA2B51768000F6ECBC /* SessionManager.swift */; };
		529E6DEC2B51768000F6ECBC /* DictionaryExtension.swift in Sources */ = {isa = PBXBuildFile; fileRef = 529E6DDB2B51768000F6ECBC /* DictionaryExtension.swift */; };
		529E6DED2B51768000F6ECBC /* payIndexModel.swift in Sources */ = {isa = PBXBuildFile; fileRef = 529E6DDC2B51768000F6ECBC /* payIndexModel.swift */; };
		529E6DEE2B51768000F6ECBC /* APIClient.swift in Sources */ = {isa = PBXBuildFile; fileRef = 529E6DDD2B51768000F6ECBC /* APIClient.swift */; };
		529E6DEF2B51768000F6ECBC /* ConfirmPayementView.swift in Sources */ = {isa = PBXBuildFile; fileRef = 529E6DDE2B51768000F6ECBC /* ConfirmPayementView.swift */; };
		529E6DF02B51768000F6ECBC /* TimerView.swift in Sources */ = {isa = PBXBuildFile; fileRef = 529E6DDF2B51768000F6ECBC /* TimerView.swift */; };
		529E6DF12B51768000F6ECBC /* LoginModel.swift in Sources */ = {isa = PBXBuildFile; fileRef = 529E6DE02B51768000F6ECBC /* LoginModel.swift */; };
		529E6DF22B51768000F6ECBC /* MultipartMedia.swift in Sources */ = {isa = PBXBuildFile; fileRef = 529E6DE12B51768000F6ECBC /* MultipartMedia.swift */; };
		529E6DF32B51768000F6ECBC /* App.swift in Sources */ = {isa = PBXBuildFile; fileRef = 529E6DE22B51768000F6ECBC /* App.swift */; };
		529E6DF42B51768000F6ECBC /* InputOutput.swift in Sources */ = {isa = PBXBuildFile; fileRef = 529E6DE32B51768000F6ECBC /* InputOutput.swift */; };
		529E6DF52B51768000F6ECBC /* AES256Cryption.swift in Sources */ = {isa = PBXBuildFile; fileRef = 529E6DE42B51768000F6ECBC /* AES256Cryption.swift */; };
		529E6DF62B51768000F6ECBC /* Session.swift in Sources */ = {isa = PBXBuildFile; fileRef = 529E6DE52B51768000F6ECBC /* Session.swift */; };
		529E6DF72B51768000F6ECBC /* AccessTokenResponseModel.swift in Sources */ = {isa = PBXBuildFile; fileRef = 529E6DE62B51768000F6ECBC /* AccessTokenResponseModel.swift */; };
		529E6DF82B51768000F6ECBC /* proceedViewModel.swift in Sources */ = {isa = PBXBuildFile; fileRef = 529E6DE72B51768000F6ECBC /* proceedViewModel.swift */; };
		529E6DF92B51768000F6ECBC /* TimerWithLoaderApp.swift in Sources */ = {isa = PBXBuildFile; fileRef = 529E6DE82B51768000F6ECBC /* TimerWithLoaderApp.swift */; };
		529E6DFA2B51768000F6ECBC /* APIManager.swift in Sources */ = {isa = PBXBuildFile; fileRef = 529E6DE92B51768000F6ECBC /* APIManager.swift */; };
		52D5A19C2B6A83880038607F /* Assets.xcassets in Resources */ = {isa = PBXBuildFile; fileRef = 52D5A19B2B6A83880038607F /* Assets.xcassets */; };
		52F1F5D92B74A2EA00B5DDFD /* Alamofire in Frameworks */ = {isa = PBXBuildFile; productRef = 52F1F5D82B74A2EA00B5DDFD /* Alamofire */; };
/* End PBXBuildFile section */

/* Begin PBXContainerItemProxy section */
		522BF2BD2B4EC7350007B140 /* PBXContainerItemProxy */ = {
			isa = PBXContainerItemProxy;
			containerPortal = 522BF2A82B4EC7350007B140 /* Project object */;
			proxyType = 1;
			remoteGlobalIDString = 522BF2B02B4EC7350007B140;
			remoteInfo = AirpayPaymentSdk;
		};
/* End PBXContainerItemProxy section */

/* Begin PBXFileReference section */
		522BF2B12B4EC7350007B140 /* AirpayPaymentSdk.framework */ = {isa = PBXFileReference; explicitFileType = wrapper.framework; includeInIndex = 0; path = AirpayPaymentSdk.framework; sourceTree = BUILT_PRODUCTS_DIR; };
		522BF2B42B4EC7350007B140 /* AirpayPaymentSdk.h */ = {isa = PBXFileReference; lastKnownFileType = sourcecode.c.h; path = AirpayPaymentSdk.h; sourceTree = "<group>"; };
		522BF2B52B4EC7350007B140 /* AirpayPaymentSdk.docc */ = {isa = PBXFileReference; lastKnownFileType = folder.documentationcatalog; path = AirpayPaymentSdk.docc; sourceTree = "<group>"; };
		522BF2BB2B4EC7350007B140 /* AirpayPaymentSdkTests.xctest */ = {isa = PBXFileReference; explicitFileType = wrapper.cfbundle; includeInIndex = 0; path = AirpayPaymentSdkTests.xctest; sourceTree = BUILT_PRODUCTS_DIR; };
		522BF2C02B4EC7350007B140 /* AirpayPaymentSdkTests.swift */ = {isa = PBXFileReference; lastKnownFileType = sourcecode.swift; path = AirpayPaymentSdkTests.swift; sourceTree = "<group>"; };
		522D62A02BAC0DA600C3DB88 /* LocalizationManager.swift */ = {isa = PBXFileReference; lastKnownFileType = sourcecode.swift; path = LocalizationManager.swift; sourceTree = "<group>"; };
		5259FA622B6B9E2F000AE23C /* CustomButton.swift */ = {isa = PBXFileReference; fileEncoding = 4; lastKnownFileType = sourcecode.swift; path = CustomButton.swift; sourceTree = "<group>"; };
		5263B3962B70E76000058BCC /* SurchargeModel.swift */ = {isa = PBXFileReference; lastKnownFileType = sourcecode.swift; path = SurchargeModel.swift; sourceTree = "<group>"; };
		52915C352B56A4ED00B7C908 /* PaymentResponseModel.swift */ = {isa = PBXFileReference; lastKnownFileType = sourcecode.swift; path = PaymentResponseModel.swift; sourceTree = "<group>"; };
		529E6DD92B51768000F6ECBC /* StringExtension.swift */ = {isa = PBXFileReference; fileEncoding = 4; lastKnownFileType = sourcecode.swift; path = StringExtension.swift; sourceTree = "<group>"; };
		529E6DDA2B51768000F6ECBC /* SessionManager.swift */ = {isa = PBXFileReference; fileEncoding = 4; lastKnownFileType = sourcecode.swift; path = SessionManager.swift; sourceTree = "<group>"; };
		529E6DDB2B51768000F6ECBC /* DictionaryExtension.swift */ = {isa = PBXFileReference; fileEncoding = 4; lastKnownFileType = sourcecode.swift; path = DictionaryExtension.swift; sourceTree = "<group>"; };
		529E6DDC2B51768000F6ECBC /* payIndexModel.swift */ = {isa = PBXFileReference; fileEncoding = 4; lastKnownFileType = sourcecode.swift; path = payIndexModel.swift; sourceTree = "<group>"; };
		529E6DDD2B51768000F6ECBC /* APIClient.swift */ = {isa = PBXFileReference; fileEncoding = 4; lastKnownFileType = sourcecode.swift; path = APIClient.swift; sourceTree = "<group>"; };
		529E6DDE2B51768000F6ECBC /* ConfirmPayementView.swift */ = {isa = PBXFileReference; fileEncoding = 4; lastKnownFileType = sourcecode.swift; path = ConfirmPayementView.swift; sourceTree = "<group>"; };
		529E6DDF2B51768000F6ECBC /* TimerView.swift */ = {isa = PBXFileReference; fileEncoding = 4; lastKnownFileType = sourcecode.swift; path = TimerView.swift; sourceTree = "<group>"; };
		529E6DE02B51768000F6ECBC /* LoginModel.swift */ = {isa = PBXFileReference; fileEncoding = 4; lastKnownFileType = sourcecode.swift; path = LoginModel.swift; sourceTree = "<group>"; };
		529E6DE12B51768000F6ECBC /* MultipartMedia.swift */ = {isa = PBXFileReference; fileEncoding = 4; lastKnownFileType = sourcecode.swift; path = MultipartMedia.swift; sourceTree = "<group>"; };
		529E6DE22B51768000F6ECBC /* App.swift */ = {isa = PBXFileReference; fileEncoding = 4; lastKnownFileType = sourcecode.swift; path = App.swift; sourceTree = "<group>"; };
		529E6DE32B51768000F6ECBC /* InputOutput.swift */ = {isa = PBXFileReference; fileEncoding = 4; lastKnownFileType = sourcecode.swift; path = InputOutput.swift; sourceTree = "<group>"; };
		529E6DE42B51768000F6ECBC /* AES256Cryption.swift */ = {isa = PBXFileReference; fileEncoding = 4; lastKnownFileType = sourcecode.swift; path = AES256Cryption.swift; sourceTree = "<group>"; };
		529E6DE52B51768000F6ECBC /* Session.swift */ = {isa = PBXFileReference; fileEncoding = 4; lastKnownFileType = sourcecode.swift; path = Session.swift; sourceTree = "<group>"; };
		529E6DE62B51768000F6ECBC /* AccessTokenResponseModel.swift */ = {isa = PBXFileReference; fileEncoding = 4; lastKnownFileType = sourcecode.swift; path = AccessTokenResponseModel.swift; sourceTree = "<group>"; };
		529E6DE72B51768000F6ECBC /* proceedViewModel.swift */ = {isa = PBXFileReference; fileEncoding = 4; lastKnownFileType = sourcecode.swift; path = proceedViewModel.swift; sourceTree = "<group>"; };
		529E6DE82B51768000F6ECBC /* TimerWithLoaderApp.swift */ = {isa = PBXFileReference; fileEncoding = 4; lastKnownFileType = sourcecode.swift; path = TimerWithLoaderApp.swift; sourceTree = "<group>"; };
		529E6DE92B51768000F6ECBC /* APIManager.swift */ = {isa = PBXFileReference; fileEncoding = 4; lastKnownFileType = sourcecode.swift; path = APIManager.swift; sourceTree = "<group>"; };
		52D567772B513F3F00F7F346 /* Accelerate.framework */ = {isa = PBXFileReference; lastKnownFileType = wrapper.framework; name = Accelerate.framework; path = Platforms/MacOSX.platform/Developer/SDKs/MacOSX14.2.sdk/System/Library/Frameworks/Accelerate.framework; sourceTree = DEVELOPER_DIR; };
		52D5A19B2B6A83880038607F /* Assets.xcassets */ = {isa = PBXFileReference; lastKnownFileType = folder.assetcatalog; path = Assets.xcassets; sourceTree = "<group>"; };
/* End PBXFileReference section */

/* Begin PBXFrameworksBuildPhase section */
		522BF2AE2B4EC7350007B140 /* Frameworks */ = {
			isa = PBXFrameworksBuildPhase;
			buildActionMask = 2147483647;
			files = (
				52F1F5D92B74A2EA00B5DDFD /* Alamofire in Frameworks */,
			);
			runOnlyForDeploymentPostprocessing = 0;
		};
		522BF2B82B4EC7350007B140 /* Frameworks */ = {
			isa = PBXFrameworksBuildPhase;
			buildActionMask = 2147483647;
			files = (
				522BF2BC2B4EC7350007B140 /* AirpayPaymentSdk.framework in Frameworks */,
			);
			runOnlyForDeploymentPostprocessing = 0;
		};
/* End PBXFrameworksBuildPhase section */

/* Begin PBXGroup section */
		522BF2A72B4EC7350007B140 = {
			isa = PBXGroup;
			children = (
				522BF2B32B4EC7350007B140 /* AirpayPaymentSdk */,
				522BF2BF2B4EC7350007B140 /* AirpayPaymentSdkTests */,
				522BF2B22B4EC7350007B140 /* Products */,
				52D567762B513F3F00F7F346 /* Frameworks */,
			);
			sourceTree = "<group>";
		};
		522BF2B22B4EC7350007B140 /* Products */ = {
			isa = PBXGroup;
			children = (
				522BF2B12B4EC7350007B140 /* AirpayPaymentSdk.framework */,
				522BF2BB2B4EC7350007B140 /* AirpayPaymentSdkTests.xctest */,
			);
			name = Products;
			sourceTree = "<group>";
		};
		522BF2B32B4EC7350007B140 /* AirpayPaymentSdk */ = {
			isa = PBXGroup;
			children = (
				522BF2B42B4EC7350007B140 /* AirpayPaymentSdk.h */,
				529E6DE62B51768000F6ECBC /* AccessTokenResponseModel.swift */,
				529E6DE42B51768000F6ECBC /* AES256Cryption.swift */,
				529E6DDD2B51768000F6ECBC /* APIClient.swift */,
				529E6DE92B51768000F6ECBC /* APIManager.swift */,
				529E6DE22B51768000F6ECBC /* App.swift */,
				529E6DDE2B51768000F6ECBC /* ConfirmPayementView.swift */,
				522D62A02BAC0DA600C3DB88 /* LocalizationManager.swift */,
				529E6DDB2B51768000F6ECBC /* DictionaryExtension.swift */,
				529E6DE32B51768000F6ECBC /* InputOutput.swift */,
				529E6DE02B51768000F6ECBC /* LoginModel.swift */,
				529E6DE12B51768000F6ECBC /* MultipartMedia.swift */,
				529E6DDC2B51768000F6ECBC /* payIndexModel.swift */,
				52915C352B56A4ED00B7C908 /* PaymentResponseModel.swift */,
				5263B3962B70E76000058BCC /* SurchargeModel.swift */,
				529E6DE72B51768000F6ECBC /* proceedViewModel.swift */,
				529E6DE52B51768000F6ECBC /* Session.swift */,
				529E6DDA2B51768000F6ECBC /* SessionManager.swift */,
				529E6DD92B51768000F6ECBC /* StringExtension.swift */,
				5259FA622B6B9E2F000AE23C /* CustomButton.swift */,
				529E6DDF2B51768000F6ECBC /* TimerView.swift */,
				529E6DE82B51768000F6ECBC /* TimerWithLoaderApp.swift */,
				52D5A19B2B6A83880038607F /* Assets.xcassets */,
				522BF2B52B4EC7350007B140 /* AirpayPaymentSdk.docc */,
			);
			path = AirpayPaymentSdk;
			sourceTree = "<group>";
		};
		522BF2BF2B4EC7350007B140 /* AirpayPaymentSdkTests */ = {
			isa = PBXGroup;
			children = (
				522BF2C02B4EC7350007B140 /* AirpayPaymentSdkTests.swift */,
			);
			path = AirpayPaymentSdkTests;
			sourceTree = "<group>";
		};
		52D567762B513F3F00F7F346 /* Frameworks */ = {
			isa = PBXGroup;
			children = (
				52D567772B513F3F00F7F346 /* Accelerate.framework */,
			);
			name = Frameworks;
			sourceTree = "<group>";
		};
/* End PBXGroup section */

/* Begin PBXHeadersBuildPhase section */
		522BF2AC2B4EC7350007B140 /* Headers */ = {
			isa = PBXHeadersBuildPhase;
			buildActionMask = 2147483647;
			files = (
				522BF2C22B4EC7350007B140 /* AirpayPaymentSdk.h in Headers */,
			);
			runOnlyForDeploymentPostprocessing = 0;
		};
/* End PBXHeadersBuildPhase section */

/* Begin PBXNativeTarget section */
		522BF2B02B4EC7350007B140 /* AirpayPaymentSdk */ = {
			isa = PBXNativeTarget;
			buildConfigurationList = 522BF2C52B4EC7350007B140 /* Build configuration list for PBXNativeTarget "AirpayPaymentSdk" */;
			buildPhases = (
				522BF2AC2B4EC7350007B140 /* Headers */,
				522BF2AD2B4EC7350007B140 /* Sources */,
				522BF2AE2B4EC7350007B140 /* Frameworks */,
				522BF2AF2B4EC7350007B140 /* Resources */,
				52D567AB2B51531500F7F346 /* ShellScript */,
			);
			buildRules = (
			);
			dependencies = (
			);
			name = AirpayPaymentSdk;
			packageProductDependencies = (
				52F1F5D82B74A2EA00B5DDFD /* Alamofire */,
			);
			productName = AirpayPaymentSdk;
			productReference = 522BF2B12B4EC7350007B140 /* AirpayPaymentSdk.framework */;
			productType = "com.apple.product-type.framework";
		};
		522BF2BA2B4EC7350007B140 /* AirpayPaymentSdkTests */ = {
			isa = PBXNativeTarget;
			buildConfigurationList = 522BF2C82B4EC7350007B140 /* Build configuration list for PBXNativeTarget "AirpayPaymentSdkTests" */;
			buildPhases = (
				522BF2B72B4EC7350007B140 /* Sources */,
				522BF2B82B4EC7350007B140 /* Frameworks */,
				522BF2B92B4EC7350007B140 /* Resources */,
			);
			buildRules = (
			);
			dependencies = (
				522BF2BE2B4EC7350007B140 /* PBXTargetDependency */,
			);
			name = AirpayPaymentSdkTests;
			productName = AirpayPaymentSdkTests;
			productReference = 522BF2BB2B4EC7350007B140 /* AirpayPaymentSdkTests.xctest */;
			productType = "com.apple.product-type.bundle.unit-test";
		};
/* End PBXNativeTarget section */

/* Begin PBXProject section */
		522BF2A82B4EC7350007B140 /* Project object */ = {
			isa = PBXProject;
			attributes = {
				BuildIndependentTargetsInParallel = 1;
				LastSwiftUpdateCheck = 1510;
				LastUpgradeCheck = 1510;
				TargetAttributes = {
					522BF2B02B4EC7350007B140 = {
						CreatedOnToolsVersion = 15.1;
					};
					522BF2BA2B4EC7350007B140 = {
						CreatedOnToolsVersion = 15.1;
					};
				};
			};
			buildConfigurationList = 522BF2AB2B4EC7350007B140 /* Build configuration list for PBXProject "AirpayPaymentSdk" */;
			compatibilityVersion = "Xcode 14.0";
			developmentRegion = en;
			hasScannedForEncodings = 0;
			knownRegions = (
				en,
				Base,
				sw,
			);
			mainGroup = 522BF2A72B4EC7350007B140;
			packageReferences = (
				52F1F5D72B74A2EA00B5DDFD /* XCRemoteSwiftPackageReference "Alamofire" */,
			);
			productRefGroup = 522BF2B22B4EC7350007B140 /* Products */;
			projectDirPath = "";
			projectRoot = "";
			targets = (
				522BF2B02B4EC7350007B140 /* AirpayPaymentSdk */,
				522BF2BA2B4EC7350007B140 /* AirpayPaymentSdkTests */,
			);
		};
/* End PBXProject section */

/* Begin PBXResourcesBuildPhase section */
		522BF2AF2B4EC7350007B140 /* Resources */ = {
			isa = PBXResourcesBuildPhase;
			buildActionMask = 2147483647;
			files = (
				52D5A19C2B6A83880038607F /* Assets.xcassets in Resources */,
			);
			runOnlyForDeploymentPostprocessing = 0;
		};
		522BF2B92B4EC7350007B140 /* Resources */ = {
			isa = PBXResourcesBuildPhase;
			buildActionMask = 2147483647;
			files = (
			);
			runOnlyForDeploymentPostprocessing = 0;
		};
/* End PBXResourcesBuildPhase section */

/* Begin PBXShellScriptBuildPhase section */
		52D567AB2B51531500F7F346 /* ShellScript */ = {
			isa = PBXShellScriptBuildPhase;
			buildActionMask = 2147483647;
			files = (
			);
			inputFileListPaths = (
			);
			inputPaths = (
			);
			outputFileListPaths = (
			);
			outputPaths = (
			);
			runOnlyForDeploymentPostprocessing = 0;
			shellPath = /bin/sh;
			shellScript = "# Type a script or drag a script file from your workspace to insert its path.\n";
		};
/* End PBXShellScriptBuildPhase section */

/* Begin PBXSourcesBuildPhase section */
		522BF2AD2B4EC7350007B140 /* Sources */ = {
			isa = PBXSourcesBuildPhase;
			buildActionMask = 2147483647;
			files = (
				522D62A12BAC0DA600C3DB88 /* LocalizationManager.swift in Sources */,
				529E6DF62B51768000F6ECBC /* Session.swift in Sources */,
				529E6DEA2B51768000F6ECBC /* StringExtension.swift in Sources */,
				522BF2B62B4EC7350007B140 /* AirpayPaymentSdk.docc in Sources */,
				529E6DF32B51768000F6ECBC /* App.swift in Sources */,
				5263B3972B70E76000058BCC /* SurchargeModel.swift in Sources */,
				5259FA632B6B9E2F000AE23C /* CustomButton.swift in Sources */,
				529E6DEB2B51768000F6ECBC /* SessionManager.swift in Sources */,
				529E6DEF2B51768000F6ECBC /* ConfirmPayementView.swift in Sources */,
				529E6DF42B51768000F6ECBC /* InputOutput.swift in Sources */,
				52915C362B56A4ED00B7C908 /* PaymentResponseModel.swift in Sources */,
				529E6DF52B51768000F6ECBC /* AES256Cryption.swift in Sources */,
				529E6DF12B51768000F6ECBC /* LoginModel.swift in Sources */,
				529E6DF92B51768000F6ECBC /* TimerWithLoaderApp.swift in Sources */,
				529E6DED2B51768000F6ECBC /* payIndexModel.swift in Sources */,
				529E6DEC2B51768000F6ECBC /* DictionaryExtension.swift in Sources */,
				529E6DFA2B51768000F6ECBC /* APIManager.swift in Sources */,
				529E6DF22B51768000F6ECBC /* MultipartMedia.swift in Sources */,
				529E6DF02B51768000F6ECBC /* TimerView.swift in Sources */,
				529E6DEE2B51768000F6ECBC /* APIClient.swift in Sources */,
				529E6DF72B51768000F6ECBC /* AccessTokenResponseModel.swift in Sources */,
				529E6DF82B51768000F6ECBC /* proceedViewModel.swift in Sources */,
			);
			runOnlyForDeploymentPostprocessing = 0;
		};
		522BF2B72B4EC7350007B140 /* Sources */ = {
			isa = PBXSourcesBuildPhase;
			buildActionMask = 2147483647;
			files = (
				522BF2C12B4EC7350007B140 /* AirpayPaymentSdkTests.swift in Sources */,
			);
			runOnlyForDeploymentPostprocessing = 0;
		};
/* End PBXSourcesBuildPhase section */

/* Begin PBXTargetDependency section */
		522BF2BE2B4EC7350007B140 /* PBXTargetDependency */ = {
			isa = PBXTargetDependency;
			target = 522BF2B02B4EC7350007B140 /* AirpayPaymentSdk */;
			targetProxy = 522BF2BD2B4EC7350007B140 /* PBXContainerItemProxy */;
		};
/* End PBXTargetDependency section */

/* Begin XCBuildConfiguration section */
		522BF2C32B4EC7350007B140 /* Debug */ = {
			isa = XCBuildConfiguration;
			buildSettings = {
				ALWAYS_SEARCH_USER_PATHS = NO;
				ASSETCATALOG_COMPILER_GENERATE_SWIFT_ASSET_SYMBOL_EXTENSIONS = YES;
				CLANG_ANALYZER_LOCALIZABILITY_NONLOCALIZED = YES;
				CLANG_ANALYZER_NONNULL = YES;
				CLANG_ANALYZER_NUMBER_OBJECT_CONVERSION = YES_AGGRESSIVE;
				CLANG_CXX_LANGUAGE_STANDARD = "gnu++20";
				CLANG_ENABLE_MODULES = YES;
				CLANG_ENABLE_OBJC_ARC = YES;
				CLANG_ENABLE_OBJC_WEAK = YES;
				CLANG_WARN_BLOCK_CAPTURE_AUTORELEASING = YES;
				CLANG_WARN_BOOL_CONVERSION = YES;
				CLANG_WARN_COMMA = YES;
				CLANG_WARN_CONSTANT_CONVERSION = YES;
				CLANG_WARN_DEPRECATED_OBJC_IMPLEMENTATIONS = YES;
				CLANG_WARN_DIRECT_OBJC_ISA_USAGE = YES_ERROR;
				CLANG_WARN_DOCUMENTATION_COMMENTS = YES;
				CLANG_WARN_EMPTY_BODY = YES;
				CLANG_WARN_ENUM_CONVERSION = YES;
				CLANG_WARN_INFINITE_RECURSION = YES;
				CLANG_WARN_INT_CONVERSION = YES;
				CLANG_WARN_NON_LITERAL_NULL_CONVERSION = YES;
				CLANG_WARN_OBJC_IMPLICIT_RETAIN_SELF = YES;
				CLANG_WARN_OBJC_LITERAL_CONVERSION = YES;
				CLANG_WARN_OBJC_ROOT_CLASS = YES_ERROR;
				CLANG_WARN_QUOTED_INCLUDE_IN_FRAMEWORK_HEADER = YES;
				CLANG_WARN_RANGE_LOOP_ANALYSIS = YES;
				CLANG_WARN_STRICT_PROTOTYPES = YES;
				CLANG_WARN_SUSPICIOUS_MOVE = YES;
				CLANG_WARN_UNGUARDED_AVAILABILITY = YES_AGGRESSIVE;
				CLANG_WARN_UNREACHABLE_CODE = YES;
				CLANG_WARN__DUPLICATE_METHOD_MATCH = YES;
				COPY_PHASE_STRIP = NO;
				CURRENT_PROJECT_VERSION = 1;
				DEBUG_INFORMATION_FORMAT = dwarf;
				ENABLE_STRICT_OBJC_MSGSEND = YES;
				ENABLE_TESTABILITY = YES;
				ENABLE_USER_SCRIPT_SANDBOXING = YES;
				GCC_C_LANGUAGE_STANDARD = gnu17;
				GCC_DYNAMIC_NO_PIC = NO;
				GCC_NO_COMMON_BLOCKS = YES;
				GCC_OPTIMIZATION_LEVEL = 0;
				GCC_PREPROCESSOR_DEFINITIONS = (
					"DEBUG=1",
					"$(inherited)",
				);
				GCC_WARN_64_TO_32_BIT_CONVERSION = YES;
				GCC_WARN_ABOUT_RETURN_TYPE = YES_ERROR;
				GCC_WARN_UNDECLARED_SELECTOR = YES;
				GCC_WARN_UNINITIALIZED_AUTOS = YES_AGGRESSIVE;
				GCC_WARN_UNUSED_FUNCTION = YES;
				GCC_WARN_UNUSED_VARIABLE = YES;
				IPHONEOS_DEPLOYMENT_TARGET = 16.4;
				LOCALIZATION_PREFERS_STRING_CATALOGS = YES;
				MTL_ENABLE_DEBUG_INFO = INCLUDE_SOURCE;
				MTL_FAST_MATH = YES;
				ONLY_ACTIVE_ARCH = YES;
				SDKROOT = iphoneos;
				SWIFT_ACTIVE_COMPILATION_CONDITIONS = "DEBUG $(inherited)";
				SWIFT_OPTIMIZATION_LEVEL = "-Onone";
				VALIDATE_PRODUCT = YES;
				VERSIONING_SYSTEM = "apple-generic";
				VERSION_INFO_PREFIX = "";
			};
			name = Debug;
		};
		522BF2C42B4EC7350007B140 /* Release */ = {
			isa = XCBuildConfiguration;
			buildSettings = {
				ALWAYS_SEARCH_USER_PATHS = NO;
				ASSETCATALOG_COMPILER_GENERATE_SWIFT_ASSET_SYMBOL_EXTENSIONS = YES;
				CLANG_ANALYZER_LOCALIZABILITY_NONLOCALIZED = YES;
				CLANG_ANALYZER_NONNULL = YES;
				CLANG_ANALYZER_NUMBER_OBJECT_CONVERSION = YES_AGGRESSIVE;
				CLANG_CXX_LANGUAGE_STANDARD = "gnu++20";
				CLANG_ENABLE_MODULES = YES;
				CLANG_ENABLE_OBJC_ARC = YES;
				CLANG_ENABLE_OBJC_WEAK = YES;
				CLANG_WARN_BLOCK_CAPTURE_AUTORELEASING = YES;
				CLANG_WARN_BOOL_CONVERSION = YES;
				CLANG_WARN_COMMA = YES;
				CLANG_WARN_CONSTANT_CONVERSION = YES;
				CLANG_WARN_DEPRECATED_OBJC_IMPLEMENTATIONS = YES;
				CLANG_WARN_DIRECT_OBJC_ISA_USAGE = YES_ERROR;
				CLANG_WARN_DOCUMENTATION_COMMENTS = YES;
				CLANG_WARN_EMPTY_BODY = YES;
				CLANG_WARN_ENUM_CONVERSION = YES;
				CLANG_WARN_INFINITE_RECURSION = YES;
				CLANG_WARN_INT_CONVERSION = YES;
				CLANG_WARN_NON_LITERAL_NULL_CONVERSION = YES;
				CLANG_WARN_OBJC_IMPLICIT_RETAIN_SELF = YES;
				CLANG_WARN_OBJC_LITERAL_CONVERSION = YES;
				CLANG_WARN_OBJC_ROOT_CLASS = YES_ERROR;
				CLANG_WARN_QUOTED_INCLUDE_IN_FRAMEWORK_HEADER = YES;
				CLANG_WARN_RANGE_LOOP_ANALYSIS = YES;
				CLANG_WARN_STRICT_PROTOTYPES = YES;
				CLANG_WARN_SUSPICIOUS_MOVE = YES;
				CLANG_WARN_UNGUARDED_AVAILABILITY = YES_AGGRESSIVE;
				CLANG_WARN_UNREACHABLE_CODE = YES;
				CLANG_WARN__DUPLICATE_METHOD_MATCH = YES;
				COPY_PHASE_STRIP = NO;
				CURRENT_PROJECT_VERSION = 1;
				DEBUG_INFORMATION_FORMAT = "dwarf-with-dsym";
				ENABLE_NS_ASSERTIONS = NO;
				ENABLE_STRICT_OBJC_MSGSEND = YES;
				ENABLE_USER_SCRIPT_SANDBOXING = YES;
				GCC_C_LANGUAGE_STANDARD = gnu17;
				GCC_NO_COMMON_BLOCKS = YES;
				GCC_WARN_64_TO_32_BIT_CONVERSION = YES;
				GCC_WARN_ABOUT_RETURN_TYPE = YES_ERROR;
				GCC_WARN_UNDECLARED_SELECTOR = YES;
				GCC_WARN_UNINITIALIZED_AUTOS = YES_AGGRESSIVE;
				GCC_WARN_UNUSED_FUNCTION = YES;
				GCC_WARN_UNUSED_VARIABLE = YES;
				IPHONEOS_DEPLOYMENT_TARGET = 16.4;
				LOCALIZATION_PREFERS_STRING_CATALOGS = YES;
				MTL_ENABLE_DEBUG_INFO = NO;
				MTL_FAST_MATH = YES;
				SDKROOT = iphoneos;
				SWIFT_COMPILATION_MODE = wholemodule;
				VALIDATE_PRODUCT = YES;
				VERSIONING_SYSTEM = "apple-generic";
				VERSION_INFO_PREFIX = "";
			};
			name = Release;
		};
		522BF2C62B4EC7350007B140 /* Debug */ = {
			isa = XCBuildConfiguration;
			buildSettings = {
				CODE_SIGN_STYLE = Automatic;
				CURRENT_PROJECT_VERSION = 1;
				DEFINES_MODULE = YES;
				DEVELOPMENT_ASSET_PATHS = "\"AirpayPaymentSdk/Assets.xcassets\"";
				DEVELOPMENT_TEAM = 9R5234CBK4;
				DYLIB_COMPATIBILITY_VERSION = 1;
				DYLIB_CURRENT_VERSION = 1;
				DYLIB_INSTALL_NAME_BASE = "@rpath";
				ENABLE_MODULE_VERIFIER = YES;
				EXCLUDED_ARCHS = "";
				GENERATE_INFOPLIST_FILE = YES;
				INFOPLIST_KEY_NSHumanReadableCopyright = "";
				INSTALL_PATH = "$(LOCAL_APPS_DIR)";
				IPHONEOS_DEPLOYMENT_TARGET = 16.4;
				LD_RUNPATH_SEARCH_PATHS = (
					"$(inherited)",
					"@executable_path/Frameworks",
					"@loader_path/Frameworks",
				);
				MARKETING_VERSION = 1.0;
				MODULE_VERIFIER_SUPPORTED_LANGUAGES = "objective-c objective-c++";
				MODULE_VERIFIER_SUPPORTED_LANGUAGE_STANDARDS = "gnu17 gnu++20";
				ONLY_ACTIVE_ARCH = NO;
				PRODUCT_BUNDLE_IDENTIFIER = com.airpay.AirpayPaymentSdk;
				PRODUCT_NAME = "$(TARGET_NAME:c99extidentifier)";
				SKIP_INSTALL = YES;
				SWIFT_EMIT_LOC_STRINGS = YES;
				SWIFT_VERSION = 5.0;
				TARGETED_DEVICE_FAMILY = "1,2";
			};
			name = Debug;
		};
		522BF2C72B4EC7350007B140 /* Release */ = {
			isa = XCBuildConfiguration;
			buildSettings = {
				CODE_SIGN_STYLE = Automatic;
				CURRENT_PROJECT_VERSION = 1;
				DEFINES_MODULE = YES;
				DEVELOPMENT_ASSET_PATHS = "\"AirpayPaymentSdk/Assets.xcassets\"";
				DEVELOPMENT_TEAM = 9R5234CBK4;
				DYLIB_COMPATIBILITY_VERSION = 1;
				DYLIB_CURRENT_VERSION = 1;
				DYLIB_INSTALL_NAME_BASE = "@rpath";
				ENABLE_MODULE_VERIFIER = YES;
				GENERATE_INFOPLIST_FILE = YES;
				INFOPLIST_KEY_NSHumanReadableCopyright = "";
				INSTALL_PATH = "$(LOCAL_APPS_DIR)";
				IPHONEOS_DEPLOYMENT_TARGET = 16.4;
				LD_RUNPATH_SEARCH_PATHS = (
					"$(inherited)",
					"@executable_path/Frameworks",
					"@loader_path/Frameworks",
				);
				MARKETING_VERSION = 1.0;
				MODULE_VERIFIER_SUPPORTED_LANGUAGES = "objective-c objective-c++";
				MODULE_VERIFIER_SUPPORTED_LANGUAGE_STANDARDS = "gnu17 gnu++20";
				PRODUCT_BUNDLE_IDENTIFIER = com.airpay.AirpayPaymentSdk;
				PRODUCT_NAME = "$(TARGET_NAME:c99extidentifier)";
				SKIP_INSTALL = YES;
				SWIFT_EMIT_LOC_STRINGS = YES;
				SWIFT_VERSION = 5.0;
				TARGETED_DEVICE_FAMILY = "1,2";
			};
			name = Release;
		};
		522BF2C92B4EC7350007B140 /* Debug */ = {
			isa = XCBuildConfiguration;
			buildSettings = {
				ALWAYS_EMBED_SWIFT_STANDARD_LIBRARIES = YES;
				CODE_SIGN_STYLE = Automatic;
				CURRENT_PROJECT_VERSION = 1;
				DEVELOPMENT_TEAM = 9R5234CBK4;
				GENERATE_INFOPLIST_FILE = YES;
				MARKETING_VERSION = 1.0;
				PRODUCT_BUNDLE_IDENTIFIER = com.airpay.AirpayPaymentSdkTests;
				PRODUCT_NAME = "$(TARGET_NAME)";
				SWIFT_EMIT_LOC_STRINGS = NO;
				SWIFT_VERSION = 5.0;
				TARGETED_DEVICE_FAMILY = "1,2";
			};
			name = Debug;
		};
		522BF2CA2B4EC7350007B140 /* Release */ = {
			isa = XCBuildConfiguration;
			buildSettings = {
				ALWAYS_EMBED_SWIFT_STANDARD_LIBRARIES = YES;
				CODE_SIGN_STYLE = Automatic;
				CURRENT_PROJECT_VERSION = 1;
				DEVELOPMENT_TEAM = 9R5234CBK4;
				GENERATE_INFOPLIST_FILE = YES;
				MARKETING_VERSION = 1.0;
				PRODUCT_BUNDLE_IDENTIFIER = com.airpay.AirpayPaymentSdkTests;
				PRODUCT_NAME = "$(TARGET_NAME)";
				SWIFT_EMIT_LOC_STRINGS = NO;
				SWIFT_VERSION = 5.0;
				TARGETED_DEVICE_FAMILY = "1,2";
			};
			name = Release;
		};
/* End XCBuildConfiguration section */

/* Begin XCConfigurationList section */
		522BF2AB2B4EC7350007B140 /* Build configuration list for PBXProject "AirpayPaymentSdk" */ = {
			isa = XCConfigurationList;
			buildConfigurations = (
				522BF2C32B4EC7350007B140 /* Debug */,
				522BF2C42B4EC7350007B140 /* Release */,
			);
			defaultConfigurationIsVisible = 0;
			defaultConfigurationName = Release;
		};
		522BF2C52B4EC7350007B140 /* Build configuration list for PBXNativeTarget "AirpayPaymentSdk" */ = {
			isa = XCConfigurationList;
			buildConfigurations = (
				522BF2C62B4EC7350007B140 /* Debug */,
				522BF2C72B4EC7350007B140 /* Release */,
			);
			defaultConfigurationIsVisible = 0;
			defaultConfigurationName = Release;
		};
		522BF2C82B4EC7350007B140 /* Build configuration list for PBXNativeTarget "AirpayPaymentSdkTests" */ = {
			isa = XCConfigurationList;
			buildConfigurations = (
				522BF2C92B4EC7350007B140 /* Debug */,
				522BF2CA2B4EC7350007B140 /* Release */,
			);
			defaultConfigurationIsVisible = 0;
			defaultConfigurationName = Release;
		};
/* End XCConfigurationList section */

/* Begin XCRemoteSwiftPackageReference section */
		52F1F5D72B74A2EA00B5DDFD /* XCRemoteSwiftPackageReference "Alamofire" */ = {
			isa = XCRemoteSwiftPackageReference;
			repositoryURL = "https://github.com/Alamofire/Alamofire";
			requirement = {
				kind = upToNextMajorVersion;
				minimumVersion = 5.8.1;
			};
		};
/* End XCRemoteSwiftPackageReference section */

/* Begin XCSwiftPackageProductDependency section */
		52F1F5D82B74A2EA00B5DDFD /* Alamofire */ = {
			isa = XCSwiftPackageProductDependency;
			package = 52F1F5D72B74A2EA00B5DDFD /* XCRemoteSwiftPackageReference "Alamofire" */;
			productName = Alamofire;
		};
/* End XCSwiftPackageProductDependency section */
	};
	rootObject = 522BF2A82B4EC7350007B140 /* Project object */;
}
